// !$*UTF8*$!
{
	archiveVersion = 1;
	classes = {
	};
	objectVersion = 56;
	objects = {

/* Begin PBXBuildFile section */
		A2040D44294CA78100FE0F30 /* FirebaseAuth in Frameworks */ = {isa = PBXBuildFile; productRef = A2040D43294CA78100FE0F30 /* FirebaseAuth */; };
		A2040D46294CA78100FE0F30 /* FirebaseFirestore in Frameworks */ = {isa = PBXBuildFile; productRef = A2040D45294CA78100FE0F30 /* FirebaseFirestore */; };
		A2040D48294CA9FD00FE0F30 /* GoogleService-Info.plist in Resources */ = {isa = PBXBuildFile; fileRef = A2040D47294CA9FD00FE0F30 /* GoogleService-Info.plist */; };
		A2040D4A294D218B00FE0F30 /* OmnyaSecureFeilds.swift in Sources */ = {isa = PBXBuildFile; fileRef = A2040D49294D218B00FE0F30 /* OmnyaSecureFeilds.swift */; };
		A2040D4C294DEC0700FE0F30 /* LoginTest.swift in Sources */ = {isa = PBXBuildFile; fileRef = A2040D4B294DEC0700FE0F30 /* LoginTest.swift */; };
		A2040D54294E288A00FE0F30 /* EditProfiletest.swift in Sources */ = {isa = PBXBuildFile; fileRef = A2040D53294E288A00FE0F30 /* EditProfiletest.swift */; };
		A2040D56294E52D100FE0F30 /* RegisterTest2.swift in Sources */ = {isa = PBXBuildFile; fileRef = A2040D55294E52D100FE0F30 /* RegisterTest2.swift */; };
		A2040D58294E570A00FE0F30 /* Users.swift in Sources */ = {isa = PBXBuildFile; fileRef = A2040D57294E570A00FE0F30 /* Users.swift */; };
		A23274EB29503D580042D844 /* ContentView.swift in Sources */ = {isa = PBXBuildFile; fileRef = A23274EA29503D580042D844 /* ContentView.swift */; };
		A23274ED29503E080042D844 /* SplashscreenView.swift in Sources */ = {isa = PBXBuildFile; fileRef = A23274EC29503E080042D844 /* SplashscreenView.swift */; };
		A23274EF29503F6D0042D844 /* addasma.swift in Sources */ = {isa = PBXBuildFile; fileRef = A23274EE29503F6D0042D844 /* addasma.swift */; };
		A2DD0C90294C8A8800D9E0D5 /* UsingFirebase_OmnyaMaanoAppApp.swift in Sources */ = {isa = PBXBuildFile; fileRef = A2DD0C8F294C8A8800D9E0D5 /* UsingFirebase_OmnyaMaanoAppApp.swift */; };
		A2DD0C92294C8A8800D9E0D5 /* AllMyInvoices.swift in Sources */ = {isa = PBXBuildFile; fileRef = A2DD0C91294C8A8800D9E0D5 /* AllMyInvoices.swift */; };
		A2DD0C94294C8A8A00D9E0D5 /* Assets.xcassets in Resources */ = {isa = PBXBuildFile; fileRef = A2DD0C93294C8A8A00D9E0D5 /* Assets.xcassets */; };
		A2DD0C97294C8A8A00D9E0D5 /* Preview Assets.xcassets in Resources */ = {isa = PBXBuildFile; fileRef = A2DD0C96294C8A8A00D9E0D5 /* Preview Assets.xcassets */; };
		A2DD0C9E294C8ADF00D9E0D5 /* OmnyaTextFeilds.swift in Sources */ = {isa = PBXBuildFile; fileRef = A2DD0C9D294C8ADF00D9E0D5 /* OmnyaTextFeilds.swift */; };
		A2DD0CA4294C8C8000D9E0D5 /* AllModifiers.swift in Sources */ = {isa = PBXBuildFile; fileRef = A2DD0CA3294C8C8000D9E0D5 /* AllModifiers.swift */; };
		A2DD0CA6294C909900D9E0D5 /* Register.swift in Sources */ = {isa = PBXBuildFile; fileRef = A2DD0CA5294C909900D9E0D5 /* Register.swift */; };
		A2DD0CA8294C914C00D9E0D5 /* Login.swift in Sources */ = {isa = PBXBuildFile; fileRef = A2DD0CA7294C914C00D9E0D5 /* Login.swift */; };
		A2DD0CAA294C926200D9E0D5 /* EditProfile.swift in Sources */ = {isa = PBXBuildFile; fileRef = A2DD0CA9294C926200D9E0D5 /* EditProfile.swift */; };
		A2DD0CAC294C970A00D9E0D5 /* RegisterTest.swift in Sources */ = {isa = PBXBuildFile; fileRef = A2DD0CAB294C970A00D9E0D5 /* RegisterTest.swift */; };
/* End PBXBuildFile section */

/* Begin PBXFileReference section */
		A2040D47294CA9FD00FE0F30 /* GoogleService-Info.plist */ = {isa = PBXFileReference; fileEncoding = 4; lastKnownFileType = text.plist.xml; path = "GoogleService-Info.plist"; sourceTree = "<group>"; };
		A2040D49294D218B00FE0F30 /* OmnyaSecureFeilds.swift */ = {isa = PBXFileReference; lastKnownFileType = sourcecode.swift; path = OmnyaSecureFeilds.swift; sourceTree = "<group>"; };
		A2040D4B294DEC0700FE0F30 /* LoginTest.swift */ = {isa = PBXFileReference; lastKnownFileType = sourcecode.swift; path = LoginTest.swift; sourceTree = "<group>"; };
		A2040D53294E288A00FE0F30 /* EditProfiletest.swift */ = {isa = PBXFileReference; lastKnownFileType = sourcecode.swift; path = EditProfiletest.swift; sourceTree = "<group>"; };
		A2040D55294E52D100FE0F30 /* RegisterTest2.swift */ = {isa = PBXFileReference; lastKnownFileType = sourcecode.swift; path = RegisterTest2.swift; sourceTree = "<group>"; };
		A2040D57294E570A00FE0F30 /* Users.swift */ = {isa = PBXFileReference; lastKnownFileType = sourcecode.swift; path = Users.swift; sourceTree = "<group>"; };
		A23274EA29503D580042D844 /* ContentView.swift */ = {isa = PBXFileReference; lastKnownFileType = sourcecode.swift; path = ContentView.swift; sourceTree = "<group>"; };
		A23274EC29503E080042D844 /* SplashscreenView.swift */ = {isa = PBXFileReference; lastKnownFileType = sourcecode.swift; path = SplashscreenView.swift; sourceTree = "<group>"; };
		A23274EE29503F6D0042D844 /* addasma.swift */ = {isa = PBXFileReference; lastKnownFileType = sourcecode.swift; path = addasma.swift; sourceTree = "<group>"; };
		A2DD0C8C294C8A8800D9E0D5 /* UsingFirebaseOmnyaMaanoApp.app */ = {isa = PBXFileReference; explicitFileType = wrapper.application; includeInIndex = 0; path = UsingFirebaseOmnyaMaanoApp.app; sourceTree = BUILT_PRODUCTS_DIR; };
		A2DD0C8F294C8A8800D9E0D5 /* UsingFirebase_OmnyaMaanoAppApp.swift */ = {isa = PBXFileReference; lastKnownFileType = sourcecode.swift; path = UsingFirebase_OmnyaMaanoAppApp.swift; sourceTree = "<group>"; };
		A2DD0C91294C8A8800D9E0D5 /* AllMyInvoices.swift */ = {isa = PBXFileReference; lastKnownFileType = sourcecode.swift; path = AllMyInvoices.swift; sourceTree = "<group>"; };
		A2DD0C93294C8A8A00D9E0D5 /* Assets.xcassets */ = {isa = PBXFileReference; lastKnownFileType = folder.assetcatalog; path = Assets.xcassets; sourceTree = "<group>"; };
		A2DD0C96294C8A8A00D9E0D5 /* Preview Assets.xcassets */ = {isa = PBXFileReference; lastKnownFileType = folder.assetcatalog; path = "Preview Assets.xcassets"; sourceTree = "<group>"; };
		A2DD0C9D294C8ADF00D9E0D5 /* OmnyaTextFeilds.swift */ = {isa = PBXFileReference; lastKnownFileType = sourcecode.swift; path = OmnyaTextFeilds.swift; sourceTree = "<group>"; };
		A2DD0CA3294C8C8000D9E0D5 /* AllModifiers.swift */ = {isa = PBXFileReference; lastKnownFileType = sourcecode.swift; path = AllModifiers.swift; sourceTree = "<group>"; };
		A2DD0CA5294C909900D9E0D5 /* Register.swift */ = {isa = PBXFileReference; lastKnownFileType = sourcecode.swift; path = Register.swift; sourceTree = "<group>"; };
		A2DD0CA7294C914C00D9E0D5 /* Login.swift */ = {isa = PBXFileReference; lastKnownFileType = sourcecode.swift; path = Login.swift; sourceTree = "<group>"; };
		A2DD0CA9294C926200D9E0D5 /* EditProfile.swift */ = {isa = PBXFileReference; lastKnownFileType = sourcecode.swift; path = EditProfile.swift; sourceTree = "<group>"; };
		A2DD0CAB294C970A00D9E0D5 /* RegisterTest.swift */ = {isa = PBXFileReference; lastKnownFileType = sourcecode.swift; path = RegisterTest.swift; sourceTree = "<group>"; };
/* End PBXFileReference section */

/* Begin PBXFrameworksBuildPhase section */
		A2DD0C89294C8A8800D9E0D5 /* Frameworks */ = {
			isa = PBXFrameworksBuildPhase;
			buildActionMask = 2147483647;
			files = (
				A2040D44294CA78100FE0F30 /* FirebaseAuth in Frameworks */,
				A2040D46294CA78100FE0F30 /* FirebaseFirestore in Frameworks */,
			);
			runOnlyForDeploymentPostprocessing = 0;
		};
/* End PBXFrameworksBuildPhase section */

/* Begin PBXGroup section */
		A2040D4D294E149A00FE0F30 /* Model */ = {
			isa = PBXGroup;
			children = (
				A2040D57294E570A00FE0F30 /* Users.swift */,
				A2DD0CA3294C8C8000D9E0D5 /* AllModifiers.swift */,
				A2DD0C9D294C8ADF00D9E0D5 /* OmnyaTextFeilds.swift */,
				A2040D49294D218B00FE0F30 /* OmnyaSecureFeilds.swift */,
			);
			path = Model;
			sourceTree = "<group>";
		};
		A2040D4E294E152100FE0F30 /* ViewModel */ = {
			isa = PBXGroup;
			children = (
			);
			path = ViewModel;
			sourceTree = "<group>";
		};
		A2DD0C83294C8A8800D9E0D5 = {
			isa = PBXGroup;
			children = (
				A2DD0C8E294C8A8800D9E0D5 /* UsingFirebaseOmnyaMaanoApp */,
				A2DD0C8D294C8A8800D9E0D5 /* Products */,
			);
			sourceTree = "<group>";
		};
		A2DD0C8D294C8A8800D9E0D5 /* Products */ = {
			isa = PBXGroup;
			children = (
				A2DD0C8C294C8A8800D9E0D5 /* UsingFirebaseOmnyaMaanoApp.app */,
			);
			name = Products;
			sourceTree = "<group>";
		};
		A2DD0C8E294C8A8800D9E0D5 /* UsingFirebaseOmnyaMaanoApp */ = {
			isa = PBXGroup;
			children = (
				A2040D47294CA9FD00FE0F30 /* GoogleService-Info.plist */,
				A2DD0C8F294C8A8800D9E0D5 /* UsingFirebase_OmnyaMaanoAppApp.swift */,
				A23274EC29503E080042D844 /* SplashscreenView.swift */,
				A2040D4E294E152100FE0F30 /* ViewModel */,
				A2040D4D294E149A00FE0F30 /* Model */,
				A2DD0C91294C8A8800D9E0D5 /* AllMyInvoices.swift */,
				A2DD0CA5294C909900D9E0D5 /* Register.swift */,
				A2DD0CA7294C914C00D9E0D5 /* Login.swift */,
				A2DD0CA9294C926200D9E0D5 /* EditProfile.swift */,
				A2DD0CAD294C971500D9E0D5 /* Testing */,
				A2DD0C93294C8A8A00D9E0D5 /* Assets.xcassets */,
				A2DD0C95294C8A8A00D9E0D5 /* Preview Content */,
			);
			path = UsingFirebaseOmnyaMaanoApp;
			sourceTree = "<group>";
		};
		A2DD0C95294C8A8A00D9E0D5 /* Preview Content */ = {
			isa = PBXGroup;
			children = (
				A2DD0C96294C8A8A00D9E0D5 /* Preview Assets.xcassets */,
			);
			path = "Preview Content";
			sourceTree = "<group>";
		};
		A2DD0CAD294C971500D9E0D5 /* Testing */ = {
			isa = PBXGroup;
			children = (
				A2DD0CAB294C970A00D9E0D5 /* RegisterTest.swift */,
				A23274EA29503D580042D844 /* ContentView.swift */,
				A23274EE29503F6D0042D844 /* addasma.swift */,
				A2040D4B294DEC0700FE0F30 /* LoginTest.swift */,
				A2040D53294E288A00FE0F30 /* EditProfiletest.swift */,
				A2040D55294E52D100FE0F30 /* RegisterTest2.swift */,
			);
			path = Testing;
			sourceTree = "<group>";
		};
/* End PBXGroup section */

/* Begin PBXNativeTarget section */
		A2DD0C8B294C8A8800D9E0D5 /* UsingFirebaseOmnyaMaanoApp */ = {
			isa = PBXNativeTarget;
			buildConfigurationList = A2DD0C9A294C8A8A00D9E0D5 /* Build configuration list for PBXNativeTarget "UsingFirebaseOmnyaMaanoApp" */;
			buildPhases = (
				A2DD0C88294C8A8800D9E0D5 /* Sources */,
				A2DD0C89294C8A8800D9E0D5 /* Frameworks */,
				A2DD0C8A294C8A8800D9E0D5 /* Resources */,
			);
			buildRules = (
			);
			dependencies = (
			);
			name = UsingFirebaseOmnyaMaanoApp;
			packageProductDependencies = (
				A2040D43294CA78100FE0F30 /* FirebaseAuth */,
				A2040D45294CA78100FE0F30 /* FirebaseFirestore */,
			);
			productName = UsingFirebase_OmnyaMaanoApp;
			productReference = A2DD0C8C294C8A8800D9E0D5 /* UsingFirebaseOmnyaMaanoApp.app */;
			productType = "com.apple.product-type.application";
		};
/* End PBXNativeTarget section */

/* Begin PBXProject section */
		A2DD0C84294C8A8800D9E0D5 /* Project object */ = {
			isa = PBXProject;
			attributes = {
				BuildIndependentTargetsInParallel = 1;
				LastSwiftUpdateCheck = 1400;
				LastUpgradeCheck = 1400;
				TargetAttributes = {
					A2DD0C8B294C8A8800D9E0D5 = {
						CreatedOnToolsVersion = 14.0.1;
					};
				};
			};
			buildConfigurationList = A2DD0C87294C8A8800D9E0D5 /* Build configuration list for PBXProject "UsingFirebaseOmnyaMaanoApp" */;
			compatibilityVersion = "Xcode 14.0";
			developmentRegion = en;
			hasScannedForEncodings = 0;
			knownRegions = (
				en,
				Base,
				ar,
			);
			mainGroup = A2DD0C83294C8A8800D9E0D5;
			packageReferences = (
				A2040D42294CA78100FE0F30 /* XCRemoteSwiftPackageReference "firebase-ios-sdk" */,
			);
			productRefGroup = A2DD0C8D294C8A8800D9E0D5 /* Products */;
			projectDirPath = "";
			projectRoot = "";
			targets = (
				A2DD0C8B294C8A8800D9E0D5 /* UsingFirebaseOmnyaMaanoApp */,
			);
		};
/* End PBXProject section */

/* Begin PBXResourcesBuildPhase section */
		A2DD0C8A294C8A8800D9E0D5 /* Resources */ = {
			isa = PBXResourcesBuildPhase;
			buildActionMask = 2147483647;
			files = (
				A2DD0C97294C8A8A00D9E0D5 /* Preview Assets.xcassets in Resources */,
				A2DD0C94294C8A8A00D9E0D5 /* Assets.xcassets in Resources */,
				A2040D48294CA9FD00FE0F30 /* GoogleService-Info.plist in Resources */,
			);
			runOnlyForDeploymentPostprocessing = 0;
		};
/* End PBXResourcesBuildPhase section */

/* Begin PBXSourcesBuildPhase section */
		A2DD0C88294C8A8800D9E0D5 /* Sources */ = {
			isa = PBXSourcesBuildPhase;
			buildActionMask = 2147483647;
			files = (
				A23274ED29503E080042D844 /* SplashscreenView.swift in Sources */,
				A2DD0CA4294C8C8000D9E0D5 /* AllModifiers.swift in Sources */,
				A2DD0C92294C8A8800D9E0D5 /* AllMyInvoices.swift in Sources */,
				A23274EF29503F6D0042D844 /* addasma.swift in Sources */,
				A23274EB29503D580042D844 /* ContentView.swift in Sources */,
				A2DD0CAC294C970A00D9E0D5 /* RegisterTest.swift in Sources */,
				A2040D4C294DEC0700FE0F30 /* LoginTest.swift in Sources */,
				A2DD0C9E294C8ADF00D9E0D5 /* OmnyaTextFeilds.swift in Sources */,
				A2DD0CA8294C914C00D9E0D5 /* Login.swift in Sources */,
				A2040D54294E288A00FE0F30 /* EditProfiletest.swift in Sources */,
				A2DD0C90294C8A8800D9E0D5 /* UsingFirebase_OmnyaMaanoAppApp.swift in Sources */,
				A2040D4A294D218B00FE0F30 /* OmnyaSecureFeilds.swift in Sources */,
				A2040D56294E52D100FE0F30 /* RegisterTest2.swift in Sources */,
				A2040D58294E570A00FE0F30 /* Users.swift in Sources */,
				A2DD0CAA294C926200D9E0D5 /* EditProfile.swift in Sources */,
				A2DD0CA6294C909900D9E0D5 /* Register.swift in Sources */,
			);
			runOnlyForDeploymentPostprocessing = 0;
		};
/* End PBXSourcesBuildPhase section */

/* Begin XCBuildConfiguration section */
		A2DD0C98294C8A8A00D9E0D5 /* Debug */ = {
			isa = XCBuildConfiguration;
			buildSettings = {
				ALWAYS_SEARCH_USER_PATHS = NO;
				CLANG_ANALYZER_NONNULL = YES;
				CLANG_ANALYZER_NUMBER_OBJECT_CONVERSION = YES_AGGRESSIVE;
				CLANG_CXX_LANGUAGE_STANDARD = "gnu++20";
				CLANG_ENABLE_MODULES = YES;
				CLANG_ENABLE_OBJC_ARC = YES;
				CLANG_ENABLE_OBJC_WEAK = YES;
				CLANG_WARN_BLOCK_CAPTURE_AUTORELEASING = YES;
				CLANG_WARN_BOOL_CONVERSION = YES;
				CLANG_WARN_COMMA = YES;
				CLANG_WARN_CONSTANT_CONVERSION = YES;
				CLANG_WARN_DEPRECATED_OBJC_IMPLEMENTATIONS = YES;
				CLANG_WARN_DIRECT_OBJC_ISA_USAGE = YES_ERROR;
				CLANG_WARN_DOCUMENTATION_COMMENTS = YES;
				CLANG_WARN_EMPTY_BODY = YES;
				CLANG_WARN_ENUM_CONVERSION = YES;
				CLANG_WARN_INFINITE_RECURSION = YES;
				CLANG_WARN_INT_CONVERSION = YES;
				CLANG_WARN_NON_LITERAL_NULL_CONVERSION = YES;
				CLANG_WARN_OBJC_IMPLICIT_RETAIN_SELF = YES;
				CLANG_WARN_OBJC_LITERAL_CONVERSION = YES;
				CLANG_WARN_OBJC_ROOT_CLASS = YES_ERROR;
				CLANG_WARN_QUOTED_INCLUDE_IN_FRAMEWORK_HEADER = YES;
				CLANG_WARN_RANGE_LOOP_ANALYSIS = YES;
				CLANG_WARN_STRICT_PROTOTYPES = YES;
				CLANG_WARN_SUSPICIOUS_MOVE = YES;
				CLANG_WARN_UNGUARDED_AVAILABILITY = YES_AGGRESSIVE;
				CLANG_WARN_UNREACHABLE_CODE = YES;
				CLANG_WARN__DUPLICATE_METHOD_MATCH = YES;
				COPY_PHASE_STRIP = NO;
				DEBUG_INFORMATION_FORMAT = dwarf;
				ENABLE_STRICT_OBJC_MSGSEND = YES;
				ENABLE_TESTABILITY = YES;
				GCC_C_LANGUAGE_STANDARD = gnu11;
				GCC_DYNAMIC_NO_PIC = NO;
				GCC_NO_COMMON_BLOCKS = YES;
				GCC_OPTIMIZATION_LEVEL = 0;
				GCC_PREPROCESSOR_DEFINITIONS = (
					"DEBUG=1",
					"$(inherited)",
				);
				GCC_WARN_64_TO_32_BIT_CONVERSION = YES;
				GCC_WARN_ABOUT_RETURN_TYPE = YES_ERROR;
				GCC_WARN_UNDECLARED_SELECTOR = YES;
				GCC_WARN_UNINITIALIZED_AUTOS = YES_AGGRESSIVE;
				GCC_WARN_UNUSED_FUNCTION = YES;
				GCC_WARN_UNUSED_VARIABLE = YES;
				IPHONEOS_DEPLOYMENT_TARGET = 16.0;
				MTL_ENABLE_DEBUG_INFO = INCLUDE_SOURCE;
				MTL_FAST_MATH = YES;
				ONLY_ACTIVE_ARCH = YES;
				SDKROOT = iphoneos;
				SWIFT_ACTIVE_COMPILATION_CONDITIONS = DEBUG;
				SWIFT_OPTIMIZATION_LEVEL = "-Onone";
			};
			name = Debug;
		};
		A2DD0C99294C8A8A00D9E0D5 /* Release */ = {
			isa = XCBuildConfiguration;
			buildSettings = {
				ALWAYS_SEARCH_USER_PATHS = NO;
				CLANG_ANALYZER_NONNULL = YES;
				CLANG_ANALYZER_NUMBER_OBJECT_CONVERSION = YES_AGGRESSIVE;
				CLANG_CXX_LANGUAGE_STANDARD = "gnu++20";
				CLANG_ENABLE_MODULES = YES;
				CLANG_ENABLE_OBJC_ARC = YES;
				CLANG_ENABLE_OBJC_WEAK = YES;
				CLANG_WARN_BLOCK_CAPTURE_AUTORELEASING = YES;
				CLANG_WARN_BOOL_CONVERSION = YES;
				CLANG_WARN_COMMA = YES;
				CLANG_WARN_CONSTANT_CONVERSION = YES;
				CLANG_WARN_DEPRECATED_OBJC_IMPLEMENTATIONS = YES;
				CLANG_WARN_DIRECT_OBJC_ISA_USAGE = YES_ERROR;
				CLANG_WARN_DOCUMENTATION_COMMENTS = YES;
				CLANG_WARN_EMPTY_BODY = YES;
				CLANG_WARN_ENUM_CONVERSION = YES;
				CLANG_WARN_INFINITE_RECURSION = YES;
				CLANG_WARN_INT_CONVERSION = YES;
				CLANG_WARN_NON_LITERAL_NULL_CONVERSION = YES;
				CLANG_WARN_OBJC_IMPLICIT_RETAIN_SELF = YES;
				CLANG_WARN_OBJC_LITERAL_CONVERSION = YES;
				CLANG_WARN_OBJC_ROOT_CLASS = YES_ERROR;
				CLANG_WARN_QUOTED_INCLUDE_IN_FRAMEWORK_HEADER = YES;
				CLANG_WARN_RANGE_LOOP_ANALYSIS = YES;
				CLANG_WARN_STRICT_PROTOTYPES = YES;
				CLANG_WARN_SUSPICIOUS_MOVE = YES;
				CLANG_WARN_UNGUARDED_AVAILABILITY = YES_AGGRESSIVE;
				CLANG_WARN_UNREACHABLE_CODE = YES;
				CLANG_WARN__DUPLICATE_METHOD_MATCH = YES;
				COPY_PHASE_STRIP = NO;
				DEBUG_INFORMATION_FORMAT = "dwarf-with-dsym";
				ENABLE_NS_ASSERTIONS = NO;
				ENABLE_STRICT_OBJC_MSGSEND = YES;
				GCC_C_LANGUAGE_STANDARD = gnu11;
				GCC_NO_COMMON_BLOCKS = YES;
				GCC_WARN_64_TO_32_BIT_CONVERSION = YES;
				GCC_WARN_ABOUT_RETURN_TYPE = YES_ERROR;
				GCC_WARN_UNDECLARED_SELECTOR = YES;
				GCC_WARN_UNINITIALIZED_AUTOS = YES_AGGRESSIVE;
				GCC_WARN_UNUSED_FUNCTION = YES;
				GCC_WARN_UNUSED_VARIABLE = YES;
				IPHONEOS_DEPLOYMENT_TARGET = 16.0;
				MTL_ENABLE_DEBUG_INFO = NO;
				MTL_FAST_MATH = YES;
				SDKROOT = iphoneos;
				SWIFT_COMPILATION_MODE = wholemodule;
				SWIFT_OPTIMIZATION_LEVEL = "-O";
				VALIDATE_PRODUCT = YES;
			};
			name = Release;
		};
		A2DD0C9B294C8A8A00D9E0D5 /* Debug */ = {
			isa = XCBuildConfiguration;
			buildSettings = {
				ASSETCATALOG_COMPILER_APPICON_NAME = AppIcon;
				ASSETCATALOG_COMPILER_GLOBAL_ACCENT_COLOR_NAME = AccentColor;
				CODE_SIGN_STYLE = Automatic;
				CURRENT_PROJECT_VERSION = 1;
				DEVELOPMENT_ASSET_PATHS = "\"UsingFirebaseOmnyaMaanoApp/Preview Content\"";
				DEVELOPMENT_TEAM = Z6KZNQG7LM;
				ENABLE_PREVIEWS = YES;
				GENERATE_INFOPLIST_FILE = YES;
				INFOPLIST_KEY_UIApplicationSceneManifest_Generation = YES;
				INFOPLIST_KEY_UIApplicationSupportsIndirectInputEvents = YES;
				INFOPLIST_KEY_UILaunchScreen_Generation = YES;
				INFOPLIST_KEY_UISupportedInterfaceOrientations_iPad = "UIInterfaceOrientationPortrait UIInterfaceOrientationPortraitUpsideDown UIInterfaceOrientationLandscapeLeft UIInterfaceOrientationLandscapeRight";
				INFOPLIST_KEY_UISupportedInterfaceOrientations_iPhone = "UIInterfaceOrientationPortrait UIInterfaceOrientationLandscapeLeft UIInterfaceOrientationLandscapeRight";
				LD_RUNPATH_SEARCH_PATHS = (
					"$(inherited)",
					"@executable_path/Frameworks",
				);
				MARKETING_VERSION = 1.0;
				PRODUCT_BUNDLE_IDENTIFIER = "test.com.UsingFirebase-OmnyaMaanoApp";
				PRODUCT_NAME = "$(TARGET_NAME)";
				SWIFT_EMIT_LOC_STRINGS = YES;
				SWIFT_VERSION = 5.0;
				TARGETED_DEVICE_FAMILY = "1,2";
			};
			name = Debug;
		};
		A2DD0C9C294C8A8A00D9E0D5 /* Release */ = {
			isa = XCBuildConfiguration;
			buildSettings = {
				ASSETCATALOG_COMPILER_APPICON_NAME = AppIcon;
				ASSETCATALOG_COMPILER_GLOBAL_ACCENT_COLOR_NAME = AccentColor;
				CODE_SIGN_STYLE = Automatic;
				CURRENT_PROJECT_VERSION = 1;
				DEVELOPMENT_ASSET_PATHS = "\"UsingFirebaseOmnyaMaanoApp/Preview Content\"";
				DEVELOPMENT_TEAM = Z6KZNQG7LM;
				ENABLE_PREVIEWS = YES;
				GENERATE_INFOPLIST_FILE = YES;
				INFOPLIST_KEY_UIApplicationSceneManifest_Generation = YES;
				INFOPLIST_KEY_UIApplicationSupportsIndirectInputEvents = YES;
				INFOPLIST_KEY_UILaunchScreen_Generation = YES;
				INFOPLIST_KEY_UISupportedInterfaceOrientations_iPad = "UIInterfaceOrientationPortrait UIInterfaceOrientationPortraitUpsideDown UIInterfaceOrientationLandscapeLeft UIInterfaceOrientationLandscapeRight";
				INFOPLIST_KEY_UISupportedInterfaceOrientations_iPhone = "UIInterfaceOrientationPortrait UIInterfaceOrientationLandscapeLeft UIInterfaceOrientationLandscapeRight";
				LD_RUNPATH_SEARCH_PATHS = (
					"$(inherited)",
					"@executable_path/Frameworks",
				);
				MARKETING_VERSION = 1.0;
				PRODUCT_BUNDLE_IDENTIFIER = "test.com.UsingFirebase-OmnyaMaanoApp";
				PRODUCT_NAME = "$(TARGET_NAME)";
				SWIFT_EMIT_LOC_STRINGS = YES;
				SWIFT_VERSION = 5.0;
				TARGETED_DEVICE_FAMILY = "1,2";
			};
			name = Release;
		};
/* End XCBuildConfiguration section */

/* Begin XCConfigurationList section */
		A2DD0C87294C8A8800D9E0D5 /* Build configuration list for PBXProject "UsingFirebaseOmnyaMaanoApp" */ = {
			isa = XCConfigurationList;
			buildConfigurations = (
				A2DD0C98294C8A8A00D9E0D5 /* Debug */,
				A2DD0C99294C8A8A00D9E0D5 /* Release */,
			);
			defaultConfigurationIsVisible = 0;
			defaultConfigurationName = Release;
		};
		A2DD0C9A294C8A8A00D9E0D5 /* Build configuration list for PBXNativeTarget "UsingFirebaseOmnyaMaanoApp" */ = {
			isa = XCConfigurationList;
			buildConfigurations = (
				A2DD0C9B294C8A8A00D9E0D5 /* Debug */,
				A2DD0C9C294C8A8A00D9E0D5 /* Release */,
			);
			defaultConfigurationIsVisible = 0;
			defaultConfigurationName = Release;
		};
/* End XCConfigurationList section */

/* Begin XCRemoteSwiftPackageReference section */
		A2040D42294CA78100FE0F30 /* XCRemoteSwiftPackageReference "firebase-ios-sdk" */ = {
			isa = XCRemoteSwiftPackageReference;
			repositoryURL = "https://github.com/firebase/firebase-ios-sdk.git";
			requirement = {
				kind = upToNextMajorVersion;
				minimumVersion = 9.0.0;
			};
		};
/* End XCRemoteSwiftPackageReference section */

/* Begin XCSwiftPackageProductDependency section */
		A2040D43294CA78100FE0F30 /* FirebaseAuth */ = {
			isa = XCSwiftPackageProductDependency;
			package = A2040D42294CA78100FE0F30 /* XCRemoteSwiftPackageReference "firebase-ios-sdk" */;
			productName = FirebaseAuth;
		};
		A2040D45294CA78100FE0F30 /* FirebaseFirestore */ = {
			isa = XCSwiftPackageProductDependency;
			package = A2040D42294CA78100FE0F30 /* XCRemoteSwiftPackageReference "firebase-ios-sdk" */;
			productName = FirebaseFirestore;
		};
/* End XCSwiftPackageProductDependency section */
	};
	rootObject = A2DD0C84294C8A8800D9E0D5 /* Project object */;
}
